
Microsoft Visual Studio Solution File, Format Version 12.00
# Visual Studio 14
VisualStudioVersion = 14.0.25420.1
MinimumVisualStudioVersion = 10.0.40219.1
Project("{FAE04EC0-301F-11D3-BF4B-00C04F79EFBC}") = "Emzi0767.Gaming.Sto.AcademyConverterBot", "Emzi0767.Gaming.Sto.AcademyConverterBot\Emzi0767.Gaming.Sto.AcademyConverterBot.csproj", "{482D8622-73AF-4845-8EAA-FC4E58C237ED}"
EndProject
Project("{FAE04EC0-301F-11D3-BF4B-00C04F79EFBC}") = "Emzi0767.Gaming.Sto.AcademyBotLauncher", "Emzi0767.Gaming.Sto.AcademyBotLauncher\Emzi0767.Gaming.Sto.AcademyBotLauncher.csproj", "{7B74FB5A-EF6B-4758-9909-046308B64F68}"
EndProject
Project("{2150E333-8FDC-42A3-9474-1A3956D46DE8}") = "ext_lib", "ext_lib", "{6FA3953C-81B8-40CA-8880-9DD03890F8A9}"
	ProjectSection(SolutionItems) = preProject
		ext_lib\Emzi0767.Gaming.Sto.StoaLib.dll = ext_lib\Emzi0767.Gaming.Sto.StoaLib.dll
		ext_lib\Emzi0767.Tools.MicroLogger.dll = ext_lib\Emzi0767.Tools.MicroLogger.dll
		ext_lib\Html2Markdown.dll = ext_lib\Html2Markdown.dll
	EndProjectSection
EndProject
Project("{2150E333-8FDC-42A3-9474-1A3956D46DE8}") = "sample_configs", "sample_configs", "{C015ABEB-9DAF-4848-BA2C-E7394987B0E7}"
	ProjectSection(SolutionItems) = preProject
		sample_configs\config.json = sample_configs\config.json
		sample_configs\oauth.json = sample_configs\oauth.json
		sample_configs\settings.json = sample_configs\settings.json
	EndProjectSection
EndProject
Project("{2150E333-8FDC-42A3-9474-1A3956D46DE8}") = "Solution Items", "Solution Items", "{206D0BCD-C6CE-4113-AEE7-24BEBC068C2D}"
	ProjectSection(SolutionItems) = preProject
		license.txt = license.txt
		notice.txt = notice.txt
		README.md = README.md
	EndProjectSection
EndProject
Global
	GlobalSection(SolutionConfigurationPlatforms) = preSolution
		Debug|Any CPU = Debug|Any CPU
		Release|Any CPU = Release|Any CPU
	EndGlobalSection
	GlobalSection(ProjectConfigurationPlatforms) = postSolution
		{482D8622-73AF-4845-8EAA-FC4E58C237ED}.Debug|Any CPU.ActiveCfg = Debug|Any CPU
		{482D8622-73AF-4845-8EAA-FC4E58C237ED}.Debug|Any CPU.Build.0 = Debug|Any CPU
		{482D8622-73AF-4845-8EAA-FC4E58C237ED}.Release|Any CPU.ActiveCfg = Release|Any CPU
		{482D8622-73AF-4845-8EAA-FC4E58C237ED}.Release|Any CPU.Build.0 = Release|Any CPU
		{7B74FB5A-EF6B-4758-9909-046308B64F68}.Debug|Any CPU.ActiveCfg = Debug|Any CPU
		{7B74FB5A-EF6B-4758-9909-046308B64F68}.Debug|Any CPU.Build.0 = Debug|Any CPU
		{7B74FB5A-EF6B-4758-9909-046308B64F68}.Release|Any CPU.ActiveCfg = Release|Any CPU
		{7B74FB5A-EF6B-4758-9909-046308B64F68}.Release|Any CPU.Build.0 = Release|Any CPU
	EndGlobalSection
	GlobalSection(SolutionProperties) = preSolution
		HideSolutionNode = FALSE
	EndGlobalSection
EndGlobal
